// !$*UTF8*$!
{
	archiveVersion = 1;
	classes = {
	};
	objectVersion = 46;
	objects = {

/* Begin PBXBuildFile section */
		2A9CC67F1B217DFC0040E518 /* main.m in Sources */ = {isa = PBXBuildFile; fileRef = 2A9CC67E1B217DFC0040E518 /* main.m */; };
		2A9CC6821B217DFC0040E518 /* AppDelegate.m in Sources */ = {isa = PBXBuildFile; fileRef = 2A9CC6811B217DFC0040E518 /* AppDelegate.m */; };
		2A9CC6851B217DFC0040E518 /* ImagePicker.xcdatamodeld in Sources */ = {isa = PBXBuildFile; fileRef = 2A9CC6831B217DFC0040E518 /* ImagePicker.xcdatamodeld */; };
		2A9CC6881B217DFC0040E518 /* ViewController.m in Sources */ = {isa = PBXBuildFile; fileRef = 2A9CC6871B217DFC0040E518 /* ViewController.m */; };
		2A9CC68B1B217DFC0040E518 /* Main.storyboard in Resources */ = {isa = PBXBuildFile; fileRef = 2A9CC6891B217DFC0040E518 /* Main.storyboard */; };
		2A9CC68D1B217DFC0040E518 /* Images.xcassets in Resources */ = {isa = PBXBuildFile; fileRef = 2A9CC68C1B217DFC0040E518 /* Images.xcassets */; };
		2A9CC6901B217DFC0040E518 /* LaunchScreen.xib in Resources */ = {isa = PBXBuildFile; fileRef = 2A9CC68E1B217DFC0040E518 /* LaunchScreen.xib */; };
		2A9CC69C1B217DFC0040E518 /* ImagePickerTests.m in Sources */ = {isa = PBXBuildFile; fileRef = 2A9CC69B1B217DFC0040E518 /* ImagePickerTests.m */; };
		56862D71BB9B2DD6825D3139 /* libPods-ImagePicker.a in Frameworks */ = {isa = PBXBuildFile; fileRef = 6696E349B7E3E200573E904A /* libPods-ImagePicker.a */; };
/* End PBXBuildFile section */

/* Begin PBXContainerItemProxy section */
		2A9CC6961B217DFC0040E518 /* PBXContainerItemProxy */ = {
			isa = PBXContainerItemProxy;
			containerPortal = 2A9CC6711B217DFC0040E518 /* Project object */;
			proxyType = 1;
			remoteGlobalIDString = 2A9CC6781B217DFC0040E518;
			remoteInfo = ImagePicker;
		};
/* End PBXContainerItemProxy section */

/* Begin PBXFileReference section */
		2A9CC6791B217DFC0040E518 /* ImagePicker.app */ = {isa = PBXFileReference; explicitFileType = wrapper.application; includeInIndex = 0; path = ImagePicker.app; sourceTree = BUILT_PRODUCTS_DIR; };
		2A9CC67D1B217DFC0040E518 /* Info.plist */ = {isa = PBXFileReference; lastKnownFileType = text.plist.xml; path = Info.plist; sourceTree = "<group>"; };
		2A9CC67E1B217DFC0040E518 /* main.m */ = {isa = PBXFileReference; lastKnownFileType = sourcecode.c.objc; path = main.m; sourceTree = "<group>"; };
		2A9CC6801B217DFC0040E518 /* AppDelegate.h */ = {isa = PBXFileReference; lastKnownFileType = sourcecode.c.h; path = AppDelegate.h; sourceTree = "<group>"; };
		2A9CC6811B217DFC0040E518 /* AppDelegate.m */ = {isa = PBXFileReference; lastKnownFileType = sourcecode.c.objc; path = AppDelegate.m; sourceTree = "<group>"; };
		2A9CC6841B217DFC0040E518 /* ImagePicker.xcdatamodel */ = {isa = PBXFileReference; lastKnownFileType = wrapper.xcdatamodel; path = ImagePicker.xcdatamodel; sourceTree = "<group>"; };
		2A9CC6861B217DFC0040E518 /* ViewController.h */ = {isa = PBXFileReference; lastKnownFileType = sourcecode.c.h; path = ViewController.h; sourceTree = "<group>"; };
		2A9CC6871B217DFC0040E518 /* ViewController.m */ = {isa = PBXFileReference; lastKnownFileType = sourcecode.c.objc; path = ViewController.m; sourceTree = "<group>"; };
		2A9CC68A1B217DFC0040E518 /* Base */ = {isa = PBXFileReference; lastKnownFileType = file.storyboard; name = Base; path = Base.lproj/Main.storyboard; sourceTree = "<group>"; };
		2A9CC68C1B217DFC0040E518 /* Images.xcassets */ = {isa = PBXFileReference; lastKnownFileType = folder.assetcatalog; path = Images.xcassets; sourceTree = "<group>"; };
		2A9CC68F1B217DFC0040E518 /* Base */ = {isa = PBXFileReference; lastKnownFileType = file.xib; name = Base; path = Base.lproj/LaunchScreen.xib; sourceTree = "<group>"; };
		2A9CC6951B217DFC0040E518 /* ImagePickerTests.xctest */ = {isa = PBXFileReference; explicitFileType = wrapper.cfbundle; includeInIndex = 0; path = ImagePickerTests.xctest; sourceTree = BUILT_PRODUCTS_DIR; };
		2A9CC69A1B217DFC0040E518 /* Info.plist */ = {isa = PBXFileReference; lastKnownFileType = text.plist.xml; path = Info.plist; sourceTree = "<group>"; };
		2A9CC69B1B217DFC0040E518 /* ImagePickerTests.m */ = {isa = PBXFileReference; lastKnownFileType = sourcecode.c.objc; path = ImagePickerTests.m; sourceTree = "<group>"; };
		5A2DB58B808B581D38D7FD9F /* Pods-ImagePicker.debug.xcconfig */ = {isa = PBXFileReference; includeInIndex = 1; lastKnownFileType = text.xcconfig; name = "Pods-ImagePicker.debug.xcconfig"; path = "Pods/Target Support Files/Pods-ImagePicker/Pods-ImagePicker.debug.xcconfig"; sourceTree = "<group>"; };
		6696E349B7E3E200573E904A /* libPods-ImagePicker.a */ = {isa = PBXFileReference; explicitFileType = archive.ar; includeInIndex = 0; path = "libPods-ImagePicker.a"; sourceTree = BUILT_PRODUCTS_DIR; };
		FE74E0F0B9E7843C59BC3954 /* Pods-ImagePicker.release.xcconfig */ = {isa = PBXFileReference; includeInIndex = 1; lastKnownFileType = text.xcconfig; name = "Pods-ImagePicker.release.xcconfig"; path = "Pods/Target Support Files/Pods-ImagePicker/Pods-ImagePicker.release.xcconfig"; sourceTree = "<group>"; };
/* End PBXFileReference section */

/* Begin PBXFrameworksBuildPhase section */
		2A9CC6761B217DFC0040E518 /* Frameworks */ = {
			isa = PBXFrameworksBuildPhase;
			buildActionMask = 2147483647;
			files = (
				56862D71BB9B2DD6825D3139 /* libPods-ImagePicker.a in Frameworks */,
			);
			runOnlyForDeploymentPostprocessing = 0;
		};
		2A9CC6921B217DFC0040E518 /* Frameworks */ = {
			isa = PBXFrameworksBuildPhase;
			buildActionMask = 2147483647;
			files = (
			);
			runOnlyForDeploymentPostprocessing = 0;
		};
/* End PBXFrameworksBuildPhase section */

/* Begin PBXGroup section */
		0461CB1C6737B2819FB9F257 /* Pods */ = {
			isa = PBXGroup;
			children = (
				5A2DB58B808B581D38D7FD9F /* Pods-ImagePicker.debug.xcconfig */,
				FE74E0F0B9E7843C59BC3954 /* Pods-ImagePicker.release.xcconfig */,
			);
			name = Pods;
			sourceTree = "<group>";
		};
		2A9CC6701B217DFC0040E518 = {
			isa = PBXGroup;
			children = (
				2A9CC67B1B217DFC0040E518 /* ImagePicker */,
				2A9CC6981B217DFC0040E518 /* ImagePickerTests */,
				2A9CC67A1B217DFC0040E518 /* Products */,
				0461CB1C6737B2819FB9F257 /* Pods */,
				C70316B08445B044D955C5DB /* Frameworks */,
			);
			sourceTree = "<group>";
		};
		2A9CC67A1B217DFC0040E518 /* Products */ = {
			isa = PBXGroup;
			children = (
				2A9CC6791B217DFC0040E518 /* ImagePicker.app */,
				2A9CC6951B217DFC0040E518 /* ImagePickerTests.xctest */,
			);
			name = Products;
			sourceTree = "<group>";
		};
		2A9CC67B1B217DFC0040E518 /* ImagePicker */ = {
			isa = PBXGroup;
			children = (
				2A9CC6801B217DFC0040E518 /* AppDelegate.h */,
				2A9CC6811B217DFC0040E518 /* AppDelegate.m */,
				2A9CC6861B217DFC0040E518 /* ViewController.h */,
				2A9CC6871B217DFC0040E518 /* ViewController.m */,
				2A9CC6891B217DFC0040E518 /* Main.storyboard */,
				2A9CC68C1B217DFC0040E518 /* Images.xcassets */,
				2A9CC68E1B217DFC0040E518 /* LaunchScreen.xib */,
				2A9CC6831B217DFC0040E518 /* ImagePicker.xcdatamodeld */,
				2A9CC67C1B217DFC0040E518 /* Supporting Files */,
			);
			path = ImagePicker;
			sourceTree = "<group>";
		};
		2A9CC67C1B217DFC0040E518 /* Supporting Files */ = {
			isa = PBXGroup;
			children = (
				2A9CC67D1B217DFC0040E518 /* Info.plist */,
				2A9CC67E1B217DFC0040E518 /* main.m */,
			);
			name = "Supporting Files";
			sourceTree = "<group>";
		};
		2A9CC6981B217DFC0040E518 /* ImagePickerTests */ = {
			isa = PBXGroup;
			children = (
				2A9CC69B1B217DFC0040E518 /* ImagePickerTests.m */,
				2A9CC6991B217DFC0040E518 /* Supporting Files */,
			);
			path = ImagePickerTests;
			sourceTree = "<group>";
		};
		2A9CC6991B217DFC0040E518 /* Supporting Files */ = {
			isa = PBXGroup;
			children = (
				2A9CC69A1B217DFC0040E518 /* Info.plist */,
			);
			name = "Supporting Files";
			sourceTree = "<group>";
		};
		C70316B08445B044D955C5DB /* Frameworks */ = {
			isa = PBXGroup;
			children = (
				6696E349B7E3E200573E904A /* libPods-ImagePicker.a */,
			);
			name = Frameworks;
			sourceTree = "<group>";
		};
/* End PBXGroup section */

/* Begin PBXNativeTarget section */
		2A9CC6781B217DFC0040E518 /* ImagePicker */ = {
			isa = PBXNativeTarget;
			buildConfigurationList = 2A9CC69F1B217DFC0040E518 /* Build configuration list for PBXNativeTarget "ImagePicker" */;
			buildPhases = (
				6CE38368EB07B2CC4D610A41 /* Check Pods Manifest.lock */,
				2A9CC6751B217DFC0040E518 /* Sources */,
				2A9CC6761B217DFC0040E518 /* Frameworks */,
				2A9CC6771B217DFC0040E518 /* Resources */,
				197361787F366F8109D1EF05 /* Copy Pods Resources */,
			);
			buildRules = (
			);
			dependencies = (
			);
			name = ImagePicker;
			productName = ImagePicker;
			productReference = 2A9CC6791B217DFC0040E518 /* ImagePicker.app */;
			productType = "com.apple.product-type.application";
		};
		2A9CC6941B217DFC0040E518 /* ImagePickerTests */ = {
			isa = PBXNativeTarget;
			buildConfigurationList = 2A9CC6A21B217DFC0040E518 /* Build configuration list for PBXNativeTarget "ImagePickerTests" */;
			buildPhases = (
				2A9CC6911B217DFC0040E518 /* Sources */,
				2A9CC6921B217DFC0040E518 /* Frameworks */,
				2A9CC6931B217DFC0040E518 /* Resources */,
			);
			buildRules = (
			);
			dependencies = (
				2A9CC6971B217DFC0040E518 /* PBXTargetDependency */,
			);
			name = ImagePickerTests;
			productName = ImagePickerTests;
			productReference = 2A9CC6951B217DFC0040E518 /* ImagePickerTests.xctest */;
			productType = "com.apple.product-type.bundle.unit-test";
		};
/* End PBXNativeTarget section */

/* Begin PBXProject section */
		2A9CC6711B217DFC0040E518 /* Project object */ = {
			isa = PBXProject;
			attributes = {
				LastUpgradeCheck = 0610;
				ORGANIZATIONNAME = synverse;
				TargetAttributes = {
					2A9CC6781B217DFC0040E518 = {
						CreatedOnToolsVersion = 6.1.1;
					};
					2A9CC6941B217DFC0040E518 = {
						CreatedOnToolsVersion = 6.1.1;
						TestTargetID = 2A9CC6781B217DFC0040E518;
					};
				};
			};
			buildConfigurationList = 2A9CC6741B217DFC0040E518 /* Build configuration list for PBXProject "ImagePicker" */;
			compatibilityVersion = "Xcode 3.2";
			developmentRegion = English;
			hasScannedForEncodings = 0;
			knownRegions = (
				en,
				Base,
			);
			mainGroup = 2A9CC6701B217DFC0040E518;
			productRefGroup = 2A9CC67A1B217DFC0040E518 /* Products */;
			projectDirPath = "";
			projectRoot = "";
			targets = (
				2A9CC6781B217DFC0040E518 /* ImagePicker */,
				2A9CC6941B217DFC0040E518 /* ImagePickerTests */,
			);
		};
/* End PBXProject section */

/* Begin PBXResourcesBuildPhase section */
		2A9CC6771B217DFC0040E518 /* Resources */ = {
			isa = PBXResourcesBuildPhase;
			buildActionMask = 2147483647;
			files = (
				2A9CC68B1B217DFC0040E518 /* Main.storyboard in Resources */,
				2A9CC6901B217DFC0040E518 /* LaunchScreen.xib in Resources */,
				2A9CC68D1B217DFC0040E518 /* Images.xcassets in Resources */,
			);
			runOnlyForDeploymentPostprocessing = 0;
		};
		2A9CC6931B217DFC0040E518 /* Resources */ = {
			isa = PBXResourcesBuildPhase;
			buildActionMask = 2147483647;
			files = (
			);
			runOnlyForDeploymentPostprocessing = 0;
		};
/* End PBXResourcesBuildPhase section */

/* Begin PBXShellScriptBuildPhase section */
		197361787F366F8109D1EF05 /* Copy Pods Resources */ = {
			isa = PBXShellScriptBuildPhase;
			buildActionMask = 2147483647;
			files = (
			);
			inputPaths = (
			);
			name = "Copy Pods Resources";
			outputPaths = (
			);
			runOnlyForDeploymentPostprocessing = 0;
			shellPath = /bin/sh;
			shellScript = "\"${SRCROOT}/Pods/Target Support Files/Pods-ImagePicker/Pods-ImagePicker-resources.sh\"\n";
			showEnvVarsInLog = 0;
		};
		6CE38368EB07B2CC4D610A41 /* Check Pods Manifest.lock */ = {
			isa = PBXShellScriptBuildPhase;
			buildActionMask = 2147483647;
			files = (
			);
			inputPaths = (
			);
			name = "Check Pods Manifest.lock";
			outputPaths = (
			);
			runOnlyForDeploymentPostprocessing = 0;
			shellPath = /bin/sh;
			shellScript = "diff \"${PODS_ROOT}/../Podfile.lock\" \"${PODS_ROOT}/Manifest.lock\" > /dev/null\nif [[ $? != 0 ]] ; then\n    cat << EOM\nerror: The sandbox is not in sync with the Podfile.lock. Run 'pod install' or update your CocoaPods installation.\nEOM\n    exit 1\nfi\n";
			showEnvVarsInLog = 0;
		};
/* End PBXShellScriptBuildPhase section */

/* Begin PBXSourcesBuildPhase section */
		2A9CC6751B217DFC0040E518 /* Sources */ = {
			isa = PBXSourcesBuildPhase;
			buildActionMask = 2147483647;
			files = (
				2A9CC6821B217DFC0040E518 /* AppDelegate.m in Sources */,
				2A9CC67F1B217DFC0040E518 /* main.m in Sources */,
				2A9CC6881B217DFC0040E518 /* ViewController.m in Sources */,
				2A9CC6851B217DFC0040E518 /* ImagePicker.xcdatamodeld in Sources */,
			);
			runOnlyForDeploymentPostprocessing = 0;
		};
		2A9CC6911B217DFC0040E518 /* Sources */ = {
			isa = PBXSourcesBuildPhase;
			buildActionMask = 2147483647;
			files = (
				2A9CC69C1B217DFC0040E518 /* ImagePickerTests.m in Sources */,
			);
			runOnlyForDeploymentPostprocessing = 0;
		};
/* End PBXSourcesBuildPhase section */

/* Begin PBXTargetDependency section */
		2A9CC6971B217DFC0040E518 /* PBXTargetDependency */ = {
			isa = PBXTargetDependency;
			target = 2A9CC6781B217DFC0040E518 /* ImagePicker */;
			targetProxy = 2A9CC6961B217DFC0040E518 /* PBXContainerItemProxy */;
		};
/* End PBXTargetDependency section */

/* Begin PBXVariantGroup section */
		2A9CC6891B217DFC0040E518 /* Main.storyboard */ = {
			isa = PBXVariantGroup;
			children = (
				2A9CC68A1B217DFC0040E518 /* Base */,
			);
			name = Main.storyboard;
			sourceTree = "<group>";
		};
		2A9CC68E1B217DFC0040E518 /* LaunchScreen.xib */ = {
			isa = PBXVariantGroup;
			children = (
				2A9CC68F1B217DFC0040E518 /* Base */,
			);
			name = LaunchScreen.xib;
			sourceTree = "<group>";
		};
/* End PBXVariantGroup section */

/* Begin XCBuildConfiguration section */
		2A9CC69D1B217DFC0040E518 /* Debug */ = {
			isa = XCBuildConfiguration;
			buildSettings = {
				ALWAYS_SEARCH_USER_PATHS = NO;
				CLANG_CXX_LANGUAGE_STANDARD = "gnu++0x";
				CLANG_CXX_LIBRARY = "libc++";
				CLANG_ENABLE_MODULES = YES;
				CLANG_ENABLE_OBJC_ARC = YES;
				CLANG_WARN_BOOL_CONVERSION = YES;
				CLANG_WARN_CONSTANT_CONVERSION = YES;
				CLANG_WARN_DIRECT_OBJC_ISA_USAGE = YES_ERROR;
				CLANG_WARN_EMPTY_BODY = YES;
				CLANG_WARN_ENUM_CONVERSION = YES;
				CLANG_WARN_INT_CONVERSION = YES;
				CLANG_WARN_OBJC_ROOT_CLASS = YES_ERROR;
				CLANG_WARN_UNREACHABLE_CODE = YES;
				CLANG_WARN__DUPLICATE_METHOD_MATCH = YES;
				"CODE_SIGN_IDENTITY[sdk=iphoneos*]" = "iPhone Developer";
				COPY_PHASE_STRIP = NO;
				ENABLE_STRICT_OBJC_MSGSEND = YES;
				GCC_C_LANGUAGE_STANDARD = gnu99;
				GCC_DYNAMIC_NO_PIC = NO;
				GCC_OPTIMIZATION_LEVEL = 0;
				GCC_PREPROCESSOR_DEFINITIONS = (
					"DEBUG=1",
					"$(inherited)",
				);
				GCC_SYMBOLS_PRIVATE_EXTERN = NO;
				GCC_WARN_64_TO_32_BIT_CONVERSION = YES;
				GCC_WARN_ABOUT_RETURN_TYPE = YES_ERROR;
				GCC_WARN_UNDECLARED_SELECTOR = YES;
				GCC_WARN_UNINITIALIZED_AUTOS = YES_AGGRESSIVE;
				GCC_WARN_UNUSED_FUNCTION = YES;
				GCC_WARN_UNUSED_VARIABLE = YES;
				IPHONEOS_DEPLOYMENT_TARGET = 8.1;
				MTL_ENABLE_DEBUG_INFO = YES;
				ONLY_ACTIVE_ARCH = YES;
				SDKROOT = iphoneos;
			};
			name = Debug;
		};
		2A9CC69E1B217DFC0040E518 /* Release */ = {
			isa = XCBuildConfiguration;
			buildSettings = {
				ALWAYS_SEARCH_USER_PATHS = NO;
				CLANG_CXX_LANGUAGE_STANDARD = "gnu++0x";
				CLANG_CXX_LIBRARY = "libc++";
				CLANG_ENABLE_MODULES = YES;
				CLANG_ENABLE_OBJC_ARC = YES;
				CLANG_WARN_BOOL_CONVERSION = YES;
				CLANG_WARN_CONSTANT_CONVERSION = YES;
				CLANG_WARN_DIRECT_OBJC_ISA_USAGE = YES_ERROR;
				CLANG_WARN_EMPTY_BODY = YES;
				CLANG_WARN_ENUM_CONVERSION = YES;
				CLANG_WARN_INT_CONVERSION = YES;
				CLANG_WARN_OBJC_ROOT_CLASS = YES_ERROR;
				CLANG_WARN_UNREACHABLE_CODE = YES;
				CLANG_WARN__DUPLICATE_METHOD_MATCH = YES;
				"CODE_SIGN_IDENTITY[sdk=iphoneos*]" = "iPhone Developer";
				COPY_PHASE_STRIP = YES;
				ENABLE_NS_ASSERTIONS = NO;
				ENABLE_STRICT_OBJC_MSGSEND = YES;
				GCC_C_LANGUAGE_STANDARD = gnu99;
				GCC_WARN_64_TO_32_BIT_CONVERSION = YES;
				GCC_WARN_ABOUT_RETURN_TYPE = YES_ERROR;
				GCC_WARN_UNDECLARED_SELECTOR = YES;
				GCC_WARN_UNINITIALIZED_AUTOS = YES_AGGRESSIVE;
				GCC_WARN_UNUSED_FUNCTION = YES;
				GCC_WARN_UNUSED_VARIABLE = YES;
				IPHONEOS_DEPLOYMENT_TARGET = 8.1;
				MTL_ENABLE_DEBUG_INFO = NO;
				SDKROOT = iphoneos;
				VALIDATE_PRODUCT = YES;
			};
			name = Release;
		};
		2A9CC6A01B217DFC0040E518 /* Debug */ = {
			isa = XCBuildConfiguration;
			baseConfigurationReference = 5A2DB58B808B581D38D7FD9F /* Pods-ImagePicker.debug.xcconfig */;
			buildSettings = {
				ASSETCATALOG_COMPILER_APPICON_NAME = AppIcon;
				INFOPLIST_FILE = ImagePicker/Info.plist;
				LD_RUNPATH_SEARCH_PATHS = "$(inherited) @executable_path/Frameworks";
				PRODUCT_NAME = "$(TARGET_NAME)";
			};
			name = Debug;
		};
		2A9CC6A11B217DFC0040E518 /* Release */ = {
			isa = XCBuildConfiguration;
			baseConfigurationReference = FE74E0F0B9E7843C59BC3954 /* Pods-ImagePicker.release.xcconfig */;
			buildSettings = {
				ASSETCATALOG_COMPILER_APPICON_NAME = AppIcon;
				INFOPLIST_FILE = ImagePicker/Info.plist;
				LD_RUNPATH_SEARCH_PATHS = "$(inherited) @executable_path/Frameworks";
				PRODUCT_NAME = "$(TARGET_NAME)";
			};
			name = Release;
		};
		2A9CC6A31B217DFC0040E518 /* Debug */ = {
			isa = XCBuildConfiguration;
			buildSettings = {
				BUNDLE_LOADER = "$(TEST_HOST)";
				FRAMEWORK_SEARCH_PATHS = (
					"$(SDKROOT)/Developer/Library/Frameworks",
					"$(inherited)",
				);
				GCC_PREPROCESSOR_DEFINITIONS = (
					"DEBUG=1",
					"$(inherited)",
				);
				INFOPLIST_FILE = ImagePickerTests/Info.plist;
				LD_RUNPATH_SEARCH_PATHS = "$(inherited) @executable_path/Frameworks @loader_path/Frameworks";
				PRODUCT_NAME = "$(TARGET_NAME)";
				TEST_HOST = "$(BUILT_PRODUCTS_DIR)/ImagePicker.app/ImagePicker";
			};
			name = Debug;
		};
		2A9CC6A41B217DFC0040E518 /* Release */ = {
			isa = XCBuildConfiguration;
			buildSettings = {
				BUNDLE_LOADER = "$(TEST_HOST)";
				FRAMEWORK_SEARCH_PATHS = (
					"$(SDKROOT)/Developer/Library/Frameworks",
					"$(inherited)",
				);
				INFOPLIST_FILE = ImagePickerTests/Info.plist;
				LD_RUNPATH_SEARCH_PATHS = "$(inherited) @executable_path/Frameworks @loader_path/Frameworks";
				PRODUCT_NAME = "$(TARGET_NAME)";
				TEST_HOST = "$(BUILT_PRODUCTS_DIR)/ImagePicker.app/ImagePicker";
			};
			name = Release;
		};
/* End XCBuildConfiguration section */

/* Begin XCConfigurationList section */
		2A9CC6741B217DFC0040E518 /* Build configuration list for PBXProject "ImagePicker" */ = {
			isa = XCConfigurationList;
			buildConfigurations = (
				2A9CC69D1B217DFC0040E518 /* Debug */,
				2A9CC69E1B217DFC0040E518 /* Release */,
			);
			defaultConfigurationIsVisible = 0;
			defaultConfigurationName = Release;
		};
		2A9CC69F1B217DFC0040E518 /* Build configuration list for PBXNativeTarget "ImagePicker" */ = {
			isa = XCConfigurationList;
			buildConfigurations = (
				2A9CC6A01B217DFC0040E518 /* Debug */,
				2A9CC6A11B217DFC0040E518 /* Release */,
			);
			defaultConfigurationIsVisible = 0;
			defaultConfigurationName = Release;
		};
		2A9CC6A21B217DFC0040E518 /* Build configuration list for PBXNativeTarget "ImagePickerTests" */ = {
			isa = XCConfigurationList;
			buildConfigurations = (
				2A9CC6A31B217DFC0040E518 /* Debug */,
				2A9CC6A41B217DFC0040E518 /* Release */,
			);
			defaultConfigurationIsVisible = 0;
			defaultConfigurationName = Release;
		};
/* End XCConfigurationList section */

/* Begin XCVersionGroup section */
		2A9CC6831B217DFC0040E518 /* ImagePicker.xcdatamodeld */ = {
			isa = XCVersionGroup;
			children = (
				2A9CC6841B217DFC0040E518 /* ImagePicker.xcdatamodel */,
			);
			currentVersion = 2A9CC6841B217DFC0040E518 /* ImagePicker.xcdatamodel */;
			path = ImagePicker.xcdatamodeld;
			sourceTree = "<group>";
			versionGroupType = wrapper.xcdatamodel;
		};
/* End XCVersionGroup section */
	};
	rootObject = 2A9CC6711B217DFC0040E518 /* Project object */;
}
